github.com/gen2brain/iup-go/iup v0.32.0 h1:gkmX4xZXJ0ngCDQd4erpWAT0ovaHj4vmPjpIjsh0P5A=
github.com/gen2brain/iup-go/iup v0.32.0/go.mod h1:F026AOq3tZrMCqTMa3K32xLh7fyTdc9+KMTMUX6EtX0=
github.com/google/uuid v1.6.0 h1:NIvaJDMOsjHA8n1jAhLSgzrAzy1Hgr+hNrb57e+94F0=
github.com/google/uuid v1.6.0/go.mod h1:TIyPZe4MgqvfeYDBFedMoGGpEw/LqOeaOT+nhxU+yHo=
